
Microsoft Visual Studio Solution File, Format Version 12.00
# Visual Studio Version 17
VisualStudioVersion = 17.11.35222.181
MinimumVisualStudioVersion = 10.0.40219.1
Project("{FAE04EC0-301F-11D3-BF4B-00C04F79EFBC}") = "лр3", "лр3\лр3.csproj", "{927D5332-6D9A-4A16-9120-73DDA33B1259}"
EndProject
Global
	GlobalSection(SolutionConfigurationPlatforms) = preSolution
		Debug|Any CPU = Debug|Any CPU
		Release|Any CPU = Release|Any CPU
	EndGlobalSection
	GlobalSection(ProjectConfigurationPlatforms) = postSolution
		{927D5332-6D9A-4A16-9120-73DDA33B1259}.Debug|Any CPU.ActiveCfg = Debug|Any CPU
		{927D5332-6D9A-4A16-9120-73DDA33B1259}.Debug|Any CPU.Build.0 = Debug|Any CPU
		{927D5332-6D9A-4A16-9120-73DDA33B1259}.Release|Any CPU.ActiveCfg = Release|Any CPU
		{927D5332-6D9A-4A16-9120-73DDA33B1259}.Release|Any CPU.Build.0 = Release|Any CPU
	EndGlobalSection
	GlobalSection(SolutionProperties) = preSolution
		HideSolutionNode = FALSE
	EndGlobalSection
	GlobalSection(ExtensibilityGlobals) = postSolution
		SolutionGuid = {59687995-941A-474C-BCA1-7CFB70D3B5F5}
	EndGlobalSection
EndGlobal
