
Microsoft Visual Studio Solution File, Format Version 12.00
# Visual Studio Version 17
VisualStudioVersion = 17.11.35222.181
MinimumVisualStudioVersion = 10.0.40219.1
Project("{FAE04EC0-301F-11D3-BF4B-00C04F79EFBC}") = "лр 3 зад 1", "лр 3 зад 1\лр 3 зад 1.csproj", "{2A90EDC0-8B4C-4B36-A944-E66A454B9CF0}"
EndProject
Global
	GlobalSection(SolutionConfigurationPlatforms) = preSolution
		Debug|Any CPU = Debug|Any CPU
		Release|Any CPU = Release|Any CPU
	EndGlobalSection
	GlobalSection(ProjectConfigurationPlatforms) = postSolution
		{2A90EDC0-8B4C-4B36-A944-E66A454B9CF0}.Debug|Any CPU.ActiveCfg = Debug|Any CPU
		{2A90EDC0-8B4C-4B36-A944-E66A454B9CF0}.Debug|Any CPU.Build.0 = Debug|Any CPU
		{2A90EDC0-8B4C-4B36-A944-E66A454B9CF0}.Release|Any CPU.ActiveCfg = Release|Any CPU
		{2A90EDC0-8B4C-4B36-A944-E66A454B9CF0}.Release|Any CPU.Build.0 = Release|Any CPU
	EndGlobalSection
	GlobalSection(SolutionProperties) = preSolution
		HideSolutionNode = FALSE
	EndGlobalSection
	GlobalSection(ExtensibilityGlobals) = postSolution
		SolutionGuid = {4D03634E-61CE-40C3-8752-AD7EA75DF68B}
	EndGlobalSection
EndGlobal
